Microsoft Visual Studio Solution File, Format Version 12.00
# Visual Studio Version 17
VisualStudioVersion = 17.5.2.0
MinimumVisualStudioVersion = 10.0.40219.1
Project("{FAE04EC0-301F-11D3-BF4B-00C04F79EFBC}") = "ValheimFloorPlan", "ValheimFloorPlan.csproj", "{28FD64D9-50E3-031D-FB2B-F002392B289C}"
EndProject
Global
	GlobalSection(SolutionConfigurationPlatforms) = preSolution
		Debug|Any CPU = Debug|Any CPU
		Release|Any CPU = Release|Any CPU
	EndGlobalSection
	GlobalSection(ProjectConfigurationPlatforms) = postSolution
		{28FD64D9-50E3-031D-FB2B-F002392B289C}.Debug|Any CPU.ActiveCfg = Debug|Any CPU
		{28FD64D9-50E3-031D-FB2B-F002392B289C}.Debug|Any CPU.Build.0 = Debug|Any CPU
		{28FD64D9-50E3-031D-FB2B-F002392B289C}.Release|Any CPU.ActiveCfg = Release|Any CPU
		{28FD64D9-50E3-031D-FB2B-F002392B289C}.Release|Any CPU.Build.0 = Release|Any CPU
	EndGlobalSection
	GlobalSection(SolutionProperties) = preSolution
		HideSolutionNode = FALSE
	EndGlobalSection
	GlobalSection(ExtensibilityGlobals) = postSolution
		SolutionGuid = {724ABDF2-0233-4075-82B0-FCA0ED38A4D3}
	EndGlobalSection
EndGlobal
